// !$*UTF8*$!
{
	archiveVersion = 1;
	classes = {
	};
	objectVersion = 46;
	objects = {

/* Begin PBXBuildFile section */
		CB12EFBA1DAA052E00B0F0D0 /* PhotoFilterController.swift in Sources */ = {isa = PBXBuildFile; fileRef = CB12EFB91DAA052E00B0F0D0 /* PhotoFilterController.swift */; };
		CB12EFBC1DAA0BCB00B0F0D0 /* FilteredImageBuilder.swift in Sources */ = {isa = PBXBuildFile; fileRef = CB12EFBB1DAA0BCB00B0F0D0 /* FilteredImageBuilder.swift */; };
		CB38F8031DA0331B00A4CEC0 /* MediaPickerManager.swift in Sources */ = {isa = PBXBuildFile; fileRef = CB38F8021DA0331A00A4CEC0 /* MediaPickerManager.swift */; };
		CB45BC491DAD7CBC005933C3 /* PhotoMetadataController.swift in Sources */ = {isa = PBXBuildFile; fileRef = CB45BC481DAD7CBC005933C3 /* PhotoMetadataController.swift */; };
		CB45BC4B1DADFB95005933C3 /* LocationManager.swift in Sources */ = {isa = PBXBuildFile; fileRef = CB45BC4A1DADFB95005933C3 /* LocationManager.swift */; };
		CBC650421DAC899700304594 /* FilteredImageCell.swift in Sources */ = {isa = PBXBuildFile; fileRef = CBC650411DAC899700304594 /* FilteredImageCell.swift */; };
		CBE2D7A61D9F9DE0006A064F /* AppDelegate.swift in Sources */ = {isa = PBXBuildFile; fileRef = CBE2D7A51D9F9DE0006A064F /* AppDelegate.swift */; };
		CBE2D7A81D9F9DE0006A064F /* SelfmeListController.swift in Sources */ = {isa = PBXBuildFile; fileRef = CBE2D7A71D9F9DE0006A064F /* SelfmeListController.swift */; };
		CBE2D7AE1D9F9DE1006A064F /* Selfme.xcdatamodeld in Sources */ = {isa = PBXBuildFile; fileRef = CBE2D7AC1D9F9DE1006A064F /* Selfme.xcdatamodeld */; };
		CBE2D7B01D9F9DE1006A064F /* Assets.xcassets in Resources */ = {isa = PBXBuildFile; fileRef = CBE2D7AF1D9F9DE1006A064F /* Assets.xcassets */; };
		CBE2D7B31D9F9DE1006A064F /* LaunchScreen.storyboard in Resources */ = {isa = PBXBuildFile; fileRef = CBE2D7B11D9F9DE1006A064F /* LaunchScreen.storyboard */; };
/* End PBXBuildFile section */

/* Begin PBXFileReference section */
		CB12EFB91DAA052E00B0F0D0 /* PhotoFilterController.swift */ = {isa = PBXFileReference; fileEncoding = 4; lastKnownFileType = sourcecode.swift; name = PhotoFilterController.swift; path = Selfme/PhotoFilterController.swift; sourceTree = "<group>"; };
		CB12EFBB1DAA0BCB00B0F0D0 /* FilteredImageBuilder.swift */ = {isa = PBXFileReference; fileEncoding = 4; lastKnownFileType = sourcecode.swift; path = FilteredImageBuilder.swift; sourceTree = "<group>"; };
		CB38F8021DA0331A00A4CEC0 /* MediaPickerManager.swift */ = {isa = PBXFileReference; fileEncoding = 4; lastKnownFileType = sourcecode.swift; name = MediaPickerManager.swift; path = Selfme/MediaPickerManager.swift; sourceTree = "<group>"; };
		CB45BC481DAD7CBC005933C3 /* PhotoMetadataController.swift */ = {isa = PBXFileReference; fileEncoding = 4; lastKnownFileType = sourcecode.swift; name = PhotoMetadataController.swift; path = Selfme/PhotoMetadataController.swift; sourceTree = "<group>"; };
		CB45BC4A1DADFB95005933C3 /* LocationManager.swift */ = {isa = PBXFileReference; fileEncoding = 4; lastKnownFileType = sourcecode.swift; path = LocationManager.swift; sourceTree = "<group>"; };
		CBC650411DAC899700304594 /* FilteredImageCell.swift */ = {isa = PBXFileReference; fileEncoding = 4; lastKnownFileType = sourcecode.swift; name = FilteredImageCell.swift; path = Selfme/FilteredImageCell.swift; sourceTree = "<group>"; };
		CBE2D7A21D9F9DE0006A064F /* Selfme.app */ = {isa = PBXFileReference; explicitFileType = wrapper.application; includeInIndex = 0; path = Selfme.app; sourceTree = BUILT_PRODUCTS_DIR; };
		CBE2D7A51D9F9DE0006A064F /* AppDelegate.swift */ = {isa = PBXFileReference; lastKnownFileType = sourcecode.swift; path = AppDelegate.swift; sourceTree = "<group>"; };
		CBE2D7A71D9F9DE0006A064F /* SelfmeListController.swift */ = {isa = PBXFileReference; lastKnownFileType = sourcecode.swift; name = SelfmeListController.swift; path = Selfme/SelfmeListController.swift; sourceTree = "<group>"; };
		CBE2D7AD1D9F9DE1006A064F /* Selfme.xcdatamodel */ = {isa = PBXFileReference; lastKnownFileType = wrapper.xcdatamodel; path = Selfme.xcdatamodel; sourceTree = "<group>"; };
		CBE2D7AF1D9F9DE1006A064F /* Assets.xcassets */ = {isa = PBXFileReference; lastKnownFileType = folder.assetcatalog; path = Assets.xcassets; sourceTree = "<group>"; };
		CBE2D7B21D9F9DE1006A064F /* Base */ = {isa = PBXFileReference; lastKnownFileType = file.storyboard; name = Base; path = Base.lproj/LaunchScreen.storyboard; sourceTree = "<group>"; };
		CBE2D7B41D9F9DE1006A064F /* Info.plist */ = {isa = PBXFileReference; lastKnownFileType = text.plist.xml; path = Info.plist; sourceTree = "<group>"; };
/* End PBXFileReference section */

/* Begin PBXFrameworksBuildPhase section */
		CBE2D79F1D9F9DE0006A064F /* Frameworks */ = {
			isa = PBXFrameworksBuildPhase;
			buildActionMask = 2147483647;
			files = (
			);
			runOnlyForDeploymentPostprocessing = 0;
		};
/* End PBXFrameworksBuildPhase section */

/* Begin PBXGroup section */
		CB12EFB51DAA04BC00B0F0D0 /* Helpers */ = {
			isa = PBXGroup;
			children = (
				CB38F8021DA0331A00A4CEC0 /* MediaPickerManager.swift */,
				CB12EFBB1DAA0BCB00B0F0D0 /* FilteredImageBuilder.swift */,
				CB45BC4A1DADFB95005933C3 /* LocationManager.swift */,
			);
			name = Helpers;
			sourceTree = "<group>";
		};
		CB12EFB61DAA04C100B0F0D0 /* Model */ = {
			isa = PBXGroup;
			children = (
			);
			name = Model;
			sourceTree = "<group>";
		};
		CB12EFB71DAA04C900B0F0D0 /* View */ = {
			isa = PBXGroup;
			children = (
				CBC650411DAC899700304594 /* FilteredImageCell.swift */,
			);
			name = View;
			sourceTree = "<group>";
		};
		CB12EFB81DAA04D100B0F0D0 /* Controller */ = {
			isa = PBXGroup;
			children = (
				CBE2D7A71D9F9DE0006A064F /* SelfmeListController.swift */,
				CB12EFB91DAA052E00B0F0D0 /* PhotoFilterController.swift */,
				CB45BC481DAD7CBC005933C3 /* PhotoMetadataController.swift */,
			);
			name = Controller;
			sourceTree = "<group>";
		};
		CBE2D7991D9F9DE0006A064F = {
			isa = PBXGroup;
			children = (
				CB12EFB81DAA04D100B0F0D0 /* Controller */,
				CB12EFB71DAA04C900B0F0D0 /* View */,
				CB12EFB61DAA04C100B0F0D0 /* Model */,
				CB12EFB51DAA04BC00B0F0D0 /* Helpers */,
				CBE2D7A41D9F9DE0006A064F /* Selfme */,
				CBE2D7A31D9F9DE0006A064F /* Products */,
			);
			sourceTree = "<group>";
		};
		CBE2D7A31D9F9DE0006A064F /* Products */ = {
			isa = PBXGroup;
			children = (
				CBE2D7A21D9F9DE0006A064F /* Selfme.app */,
			);
			name = Products;
			sourceTree = "<group>";
		};
		CBE2D7A41D9F9DE0006A064F /* Selfme */ = {
			isa = PBXGroup;
			children = (
				CBE2D7A51D9F9DE0006A064F /* AppDelegate.swift */,
				CBE2D7AF1D9F9DE1006A064F /* Assets.xcassets */,
				CBE2D7B11D9F9DE1006A064F /* LaunchScreen.storyboard */,
				CBE2D7B41D9F9DE1006A064F /* Info.plist */,
				CBE2D7AC1D9F9DE1006A064F /* Selfme.xcdatamodeld */,
			);
			path = Selfme;
			sourceTree = "<group>";
		};
/* End PBXGroup section */

/* Begin PBXNativeTarget section */
		CBE2D7A11D9F9DE0006A064F /* Selfme */ = {
			isa = PBXNativeTarget;
			buildConfigurationList = CBE2D7B71D9F9DE1006A064F /* Build configuration list for PBXNativeTarget "Selfme" */;
			buildPhases = (
				CBE2D79E1D9F9DE0006A064F /* Sources */,
				CBE2D79F1D9F9DE0006A064F /* Frameworks */,
				CBE2D7A01D9F9DE0006A064F /* Resources */,
			);
			buildRules = (
			);
			dependencies = (
			);
			name = Selfme;
			productName = Selfme;
			productReference = CBE2D7A21D9F9DE0006A064F /* Selfme.app */;
			productType = "com.apple.product-type.application";
		};
/* End PBXNativeTarget section */

/* Begin PBXProject section */
		CBE2D79A1D9F9DE0006A064F /* Project object */ = {
			isa = PBXProject;
			attributes = {
				LastSwiftUpdateCheck = 0800;
				LastUpgradeCheck = 0800;
				ORGANIZATIONNAME = "Radhatter, LLC";
				TargetAttributes = {
					CBE2D7A11D9F9DE0006A064F = {
						CreatedOnToolsVersion = 8.0;
						DevelopmentTeam = 588HXLYRH9;
						ProvisioningStyle = Automatic;
					};
				};
			};
			buildConfigurationList = CBE2D79D1D9F9DE0006A064F /* Build configuration list for PBXProject "Selfme" */;
			compatibilityVersion = "Xcode 3.2";
			developmentRegion = English;
			hasScannedForEncodings = 0;
			knownRegions = (
				en,
				Base,
			);
			mainGroup = CBE2D7991D9F9DE0006A064F;
			productRefGroup = CBE2D7A31D9F9DE0006A064F /* Products */;
			projectDirPath = "";
			projectRoot = "";
			targets = (
				CBE2D7A11D9F9DE0006A064F /* Selfme */,
			);
		};
/* End PBXProject section */

/* Begin PBXResourcesBuildPhase section */
		CBE2D7A01D9F9DE0006A064F /* Resources */ = {
			isa = PBXResourcesBuildPhase;
			buildActionMask = 2147483647;
			files = (
				CBE2D7B31D9F9DE1006A064F /* LaunchScreen.storyboard in Resources */,
				CBE2D7B01D9F9DE1006A064F /* Assets.xcassets in Resources */,
			);
			runOnlyForDeploymentPostprocessing = 0;
		};
/* End PBXResourcesBuildPhase section */

/* Begin PBXSourcesBuildPhase section */
		CBE2D79E1D9F9DE0006A064F /* Sources */ = {
			isa = PBXSourcesBuildPhase;
			buildActionMask = 2147483647;
			files = (
				CB38F8031DA0331B00A4CEC0 /* MediaPickerManager.swift in Sources */,
				CBE2D7A81D9F9DE0006A064F /* SelfmeListController.swift in Sources */,
				CBE2D7AE1D9F9DE1006A064F /* Selfme.xcdatamodeld in Sources */,
				CBE2D7A61D9F9DE0006A064F /* AppDelegate.swift in Sources */,
				CB12EFBC1DAA0BCB00B0F0D0 /* FilteredImageBuilder.swift in Sources */,
				CB12EFBA1DAA052E00B0F0D0 /* PhotoFilterController.swift in Sources */,
				CBC650421DAC899700304594 /* FilteredImageCell.swift in Sources */,
				CB45BC491DAD7CBC005933C3 /* PhotoMetadataController.swift in Sources */,
				CB45BC4B1DADFB95005933C3 /* LocationManager.swift in Sources */,
			);
			runOnlyForDeploymentPostprocessing = 0;
		};
/* End PBXSourcesBuildPhase section */

/* Begin PBXVariantGroup section */
		CBE2D7B11D9F9DE1006A064F /* LaunchScreen.storyboard */ = {
			isa = PBXVariantGroup;
			children = (
				CBE2D7B21D9F9DE1006A064F /* Base */,
			);
			name = LaunchScreen.storyboard;
			sourceTree = "<group>";
		};
/* End PBXVariantGroup section */

/* Begin XCBuildConfiguration section */
		CBE2D7B51D9F9DE1006A064F /* Debug */ = {
			isa = XCBuildConfiguration;
			buildSettings = {
				ALWAYS_SEARCH_USER_PATHS = NO;
				CLANG_ANALYZER_NONNULL = YES;
				CLANG_CXX_LANGUAGE_STANDARD = "gnu++0x";
				CLANG_CXX_LIBRARY = "libc++";
				CLANG_ENABLE_MODULES = YES;
				CLANG_ENABLE_OBJC_ARC = YES;
				CLANG_WARN_BOOL_CONVERSION = YES;
				CLANG_WARN_CONSTANT_CONVERSION = YES;
				CLANG_WARN_DIRECT_OBJC_ISA_USAGE = YES_ERROR;
				CLANG_WARN_DOCUMENTATION_COMMENTS = YES;
				CLANG_WARN_EMPTY_BODY = YES;
				CLANG_WARN_ENUM_CONVERSION = YES;
				CLANG_WARN_INFINITE_RECURSION = YES;
				CLANG_WARN_INT_CONVERSION = YES;
				CLANG_WARN_OBJC_ROOT_CLASS = YES_ERROR;
				CLANG_WARN_SUSPICIOUS_MOVES = YES;
				CLANG_WARN_UNREACHABLE_CODE = YES;
				CLANG_WARN__DUPLICATE_METHOD_MATCH = YES;
				"CODE_SIGN_IDENTITY[sdk=iphoneos*]" = "iPhone Developer";
				COPY_PHASE_STRIP = NO;
				DEBUG_INFORMATION_FORMAT = dwarf;
				ENABLE_STRICT_OBJC_MSGSEND = YES;
				ENABLE_TESTABILITY = YES;
				GCC_C_LANGUAGE_STANDARD = gnu99;
				GCC_DYNAMIC_NO_PIC = NO;
				GCC_NO_COMMON_BLOCKS = YES;
				GCC_OPTIMIZATION_LEVEL = 0;
				GCC_PREPROCESSOR_DEFINITIONS = (
					"DEBUG=1",
					"$(inherited)",
				);
				GCC_WARN_64_TO_32_BIT_CONVERSION = YES;
				GCC_WARN_ABOUT_RETURN_TYPE = YES_ERROR;
				GCC_WARN_UNDECLARED_SELECTOR = YES;
				GCC_WARN_UNINITIALIZED_AUTOS = YES_AGGRESSIVE;
				GCC_WARN_UNUSED_FUNCTION = YES;
				GCC_WARN_UNUSED_VARIABLE = YES;
				IPHONEOS_DEPLOYMENT_TARGET = 10.0;
				MTL_ENABLE_DEBUG_INFO = YES;
				ONLY_ACTIVE_ARCH = YES;
				SDKROOT = iphoneos;
				SWIFT_ACTIVE_COMPILATION_CONDITIONS = DEBUG;
				SWIFT_OPTIMIZATION_LEVEL = "-Onone";
			};
			name = Debug;
		};
		CBE2D7B61D9F9DE1006A064F /* Release */ = {
			isa = XCBuildConfiguration;
			buildSettings = {
				ALWAYS_SEARCH_USER_PATHS = NO;
				CLANG_ANALYZER_NONNULL = YES;
				CLANG_CXX_LANGUAGE_STANDARD = "gnu++0x";
				CLANG_CXX_LIBRARY = "libc++";
				CLANG_ENABLE_MODULES = YES;
				CLANG_ENABLE_OBJC_ARC = YES;
				CLANG_WARN_BOOL_CONVERSION = YES;
				CLANG_WARN_CONSTANT_CONVERSION = YES;
				CLANG_WARN_DIRECT_OBJC_ISA_USAGE = YES_ERROR;
				CLANG_WARN_DOCUMENTATION_COMMENTS = YES;
				CLANG_WARN_EMPTY_BODY = YES;
				CLANG_WARN_ENUM_CONVERSION = YES;
				CLANG_WARN_INFINITE_RECURSION = YES;
				CLANG_WARN_INT_CONVERSION = YES;
				CLANG_WARN_OBJC_ROOT_CLASS = YES_ERROR;
				CLANG_WARN_SUSPICIOUS_MOVES = YES;
				CLANG_WARN_UNREACHABLE_CODE = YES;
				CLANG_WARN__DUPLICATE_METHOD_MATCH = YES;
				"CODE_SIGN_IDENTITY[sdk=iphoneos*]" = "iPhone Developer";
				COPY_PHASE_STRIP = NO;
				DEBUG_INFORMATION_FORMAT = "dwarf-with-dsym";
				ENABLE_NS_ASSERTIONS = NO;
				ENABLE_STRICT_OBJC_MSGSEND = YES;
				GCC_C_LANGUAGE_STANDARD = gnu99;
				GCC_NO_COMMON_BLOCKS = YES;
				GCC_WARN_64_TO_32_BIT_CONVERSION = YES;
				GCC_WARN_ABOUT_RETURN_TYPE = YES_ERROR;
				GCC_WARN_UNDECLARED_SELECTOR = YES;
				GCC_WARN_UNINITIALIZED_AUTOS = YES_AGGRESSIVE;
				GCC_WARN_UNUSED_FUNCTION = YES;
				GCC_WARN_UNUSED_VARIABLE = YES;
				IPHONEOS_DEPLOYMENT_TARGET = 10.0;
				MTL_ENABLE_DEBUG_INFO = NO;
				SDKROOT = iphoneos;
				SWIFT_OPTIMIZATION_LEVEL = "-Owholemodule";
				VALIDATE_PRODUCT = YES;
			};
			name = Release;
		};
		CBE2D7B81D9F9DE1006A064F /* Debug */ = {
			isa = XCBuildConfiguration;
			buildSettings = {
				ASSETCATALOG_COMPILER_APPICON_NAME = AppIcon;
				DEVELOPMENT_TEAM = 588HXLYRH9;
				INFOPLIST_FILE = Selfme/Info.plist;
				IPHONEOS_DEPLOYMENT_TARGET = 9.0;
				LD_RUNPATH_SEARCH_PATHS = "$(inherited) @executable_path/Frameworks";
				PRODUCT_BUNDLE_IDENTIFIER = com.claytoncohn.Selfme;
				PRODUCT_NAME = "$(TARGET_NAME)";
				SWIFT_VERSION = 3.0;
			};
			name = Debug;
		};
		CBE2D7B91D9F9DE1006A064F /* Release */ = {
			isa = XCBuildConfiguration;
			buildSettings = {
				ASSETCATALOG_COMPILER_APPICON_NAME = AppIcon;
				DEVELOPMENT_TEAM = 588HXLYRH9;
				INFOPLIST_FILE = Selfme/Info.plist;
				IPHONEOS_DEPLOYMENT_TARGET = 9.0;
				LD_RUNPATH_SEARCH_PATHS = "$(inherited) @executable_path/Frameworks";
				PRODUCT_BUNDLE_IDENTIFIER = com.claytoncohn.Selfme;
				PRODUCT_NAME = "$(TARGET_NAME)";
				SWIFT_VERSION = 3.0;
			};
			name = Release;
		};
/* End XCBuildConfiguration section */

/* Begin XCConfigurationList section */
		CBE2D79D1D9F9DE0006A064F /* Build configuration list for PBXProject "Selfme" */ = {
			isa = XCConfigurationList;
			buildConfigurations = (
				CBE2D7B51D9F9DE1006A064F /* Debug */,
				CBE2D7B61D9F9DE1006A064F /* Release */,
			);
			defaultConfigurationIsVisible = 0;
			defaultConfigurationName = Release;
		};
		CBE2D7B71D9F9DE1006A064F /* Build configuration list for PBXNativeTarget "Selfme" */ = {
			isa = XCConfigurationList;
			buildConfigurations = (
				CBE2D7B81D9F9DE1006A064F /* Debug */,
				CBE2D7B91D9F9DE1006A064F /* Release */,
			);
			defaultConfigurationIsVisible = 0;
			defaultConfigurationName = Release;
		};
/* End XCConfigurationList section */

/* Begin XCVersionGroup section */
		CBE2D7AC1D9F9DE1006A064F /* Selfme.xcdatamodeld */ = {
			isa = XCVersionGroup;
			children = (
				CBE2D7AD1D9F9DE1006A064F /* Selfme.xcdatamodel */,
			);
			currentVersion = CBE2D7AD1D9F9DE1006A064F /* Selfme.xcdatamodel */;
			path = Selfme.xcdatamodeld;
			sourceTree = "<group>";
			versionGroupType = wrapper.xcdatamodel;
		};
/* End XCVersionGroup section */
	};
	rootObject = CBE2D79A1D9F9DE0006A064F /* Project object */;
}
